// !$*UTF8*$!
{
	archiveVersion = 1;
	classes = {
	};
	objectVersion = 46;
	objects = {

/* Begin PBXBuildFile section */
		426E7A231B1D8D1C00937E70 /* main.m in Sources */ = {isa = PBXBuildFile; fileRef = 426E7A221B1D8D1C00937E70 /* main.m */; };
		426E7A261B1D8D1C00937E70 /* AppDelegate.m in Sources */ = {isa = PBXBuildFile; fileRef = 426E7A251B1D8D1C00937E70 /* AppDelegate.m */; };
		426E7A291B1D8D1C00937E70 /* ViewController.m in Sources */ = {isa = PBXBuildFile; fileRef = 426E7A281B1D8D1C00937E70 /* ViewController.m */; };
		426E7A2C1B1D8D1C00937E70 /* Main.storyboard in Resources */ = {isa = PBXBuildFile; fileRef = 426E7A2A1B1D8D1C00937E70 /* Main.storyboard */; };
		426E7A2E1B1D8D1C00937E70 /* Images.xcassets in Resources */ = {isa = PBXBuildFile; fileRef = 426E7A2D1B1D8D1C00937E70 /* Images.xcassets */; };
		426E7A311B1D8D1C00937E70 /* LaunchScreen.xib in Resources */ = {isa = PBXBuildFile; fileRef = 426E7A2F1B1D8D1C00937E70 /* LaunchScreen.xib */; };
		426E7A3D1B1D8D1C00937E70 /* AlertControllerRadarTests.m in Sources */ = {isa = PBXBuildFile; fileRef = 426E7A3C1B1D8D1C00937E70 /* AlertControllerRadarTests.m */; };
/* End PBXBuildFile section */

/* Begin PBXContainerItemProxy section */
		426E7A371B1D8D1C00937E70 /* PBXContainerItemProxy */ = {
			isa = PBXContainerItemProxy;
			containerPortal = 426E7A151B1D8D1C00937E70 /* Project object */;
			proxyType = 1;
			remoteGlobalIDString = 426E7A1C1B1D8D1C00937E70;
			remoteInfo = AlertControllerRadar;
		};
/* End PBXContainerItemProxy section */

/* Begin PBXFileReference section */
		426E7A1D1B1D8D1C00937E70 /* AlertControllerRadar.app */ = {isa = PBXFileReference; explicitFileType = wrapper.application; includeInIndex = 0; path = AlertControllerRadar.app; sourceTree = BUILT_PRODUCTS_DIR; };
		426E7A211B1D8D1C00937E70 /* Info.plist */ = {isa = PBXFileReference; lastKnownFileType = text.plist.xml; path = Info.plist; sourceTree = "<group>"; };
		426E7A221B1D8D1C00937E70 /* main.m */ = {isa = PBXFileReference; lastKnownFileType = sourcecode.c.objc; path = main.m; sourceTree = "<group>"; };
		426E7A241B1D8D1C00937E70 /* AppDelegate.h */ = {isa = PBXFileReference; lastKnownFileType = sourcecode.c.h; path = AppDelegate.h; sourceTree = "<group>"; };
		426E7A251B1D8D1C00937E70 /* AppDelegate.m */ = {isa = PBXFileReference; lastKnownFileType = sourcecode.c.objc; path = AppDelegate.m; sourceTree = "<group>"; };
		426E7A271B1D8D1C00937E70 /* ViewController.h */ = {isa = PBXFileReference; lastKnownFileType = sourcecode.c.h; path = ViewController.h; sourceTree = "<group>"; };
		426E7A281B1D8D1C00937E70 /* ViewController.m */ = {isa = PBXFileReference; lastKnownFileType = sourcecode.c.objc; path = ViewController.m; sourceTree = "<group>"; };
		426E7A2B1B1D8D1C00937E70 /* Base */ = {isa = PBXFileReference; lastKnownFileType = file.storyboard; name = Base; path = Base.lproj/Main.storyboard; sourceTree = "<group>"; };
		426E7A2D1B1D8D1C00937E70 /* Images.xcassets */ = {isa = PBXFileReference; lastKnownFileType = folder.assetcatalog; path = Images.xcassets; sourceTree = "<group>"; };
		426E7A301B1D8D1C00937E70 /* Base */ = {isa = PBXFileReference; lastKnownFileType = file.xib; name = Base; path = Base.lproj/LaunchScreen.xib; sourceTree = "<group>"; };
		426E7A361B1D8D1C00937E70 /* AlertControllerRadarTests.xctest */ = {isa = PBXFileReference; explicitFileType = wrapper.cfbundle; includeInIndex = 0; path = AlertControllerRadarTests.xctest; sourceTree = BUILT_PRODUCTS_DIR; };
		426E7A3B1B1D8D1C00937E70 /* Info.plist */ = {isa = PBXFileReference; lastKnownFileType = text.plist.xml; path = Info.plist; sourceTree = "<group>"; };
		426E7A3C1B1D8D1C00937E70 /* AlertControllerRadarTests.m */ = {isa = PBXFileReference; lastKnownFileType = sourcecode.c.objc; path = AlertControllerRadarTests.m; sourceTree = "<group>"; };
/* End PBXFileReference section */

/* Begin PBXFrameworksBuildPhase section */
		426E7A1A1B1D8D1C00937E70 /* Frameworks */ = {
			isa = PBXFrameworksBuildPhase;
			buildActionMask = 2147483647;
			files = (
			);
			runOnlyForDeploymentPostprocessing = 0;
		};
		426E7A331B1D8D1C00937E70 /* Frameworks */ = {
			isa = PBXFrameworksBuildPhase;
			buildActionMask = 2147483647;
			files = (
			);
			runOnlyForDeploymentPostprocessing = 0;
		};
/* End PBXFrameworksBuildPhase section */

/* Begin PBXGroup section */
		426E7A141B1D8D1C00937E70 = {
			isa = PBXGroup;
			children = (
				426E7A1F1B1D8D1C00937E70 /* AlertControllerRadar */,
				426E7A391B1D8D1C00937E70 /* AlertControllerRadarTests */,
				426E7A1E1B1D8D1C00937E70 /* Products */,
			);
			sourceTree = "<group>";
		};
		426E7A1E1B1D8D1C00937E70 /* Products */ = {
			isa = PBXGroup;
			children = (
				426E7A1D1B1D8D1C00937E70 /* AlertControllerRadar.app */,
				426E7A361B1D8D1C00937E70 /* AlertControllerRadarTests.xctest */,
			);
			name = Products;
			sourceTree = "<group>";
		};
		426E7A1F1B1D8D1C00937E70 /* AlertControllerRadar */ = {
			isa = PBXGroup;
			children = (
				426E7A241B1D8D1C00937E70 /* AppDelegate.h */,
				426E7A251B1D8D1C00937E70 /* AppDelegate.m */,
				426E7A271B1D8D1C00937E70 /* ViewController.h */,
				426E7A281B1D8D1C00937E70 /* ViewController.m */,
				426E7A2A1B1D8D1C00937E70 /* Main.storyboard */,
				426E7A2D1B1D8D1C00937E70 /* Images.xcassets */,
				426E7A2F1B1D8D1C00937E70 /* LaunchScreen.xib */,
				426E7A201B1D8D1C00937E70 /* Supporting Files */,
			);
			path = AlertControllerRadar;
			sourceTree = "<group>";
		};
		426E7A201B1D8D1C00937E70 /* Supporting Files */ = {
			isa = PBXGroup;
			children = (
				426E7A211B1D8D1C00937E70 /* Info.plist */,
				426E7A221B1D8D1C00937E70 /* main.m */,
			);
			name = "Supporting Files";
			sourceTree = "<group>";
		};
		426E7A391B1D8D1C00937E70 /* AlertControllerRadarTests */ = {
			isa = PBXGroup;
			children = (
				426E7A3C1B1D8D1C00937E70 /* AlertControllerRadarTests.m */,
				426E7A3A1B1D8D1C00937E70 /* Supporting Files */,
			);
			path = AlertControllerRadarTests;
			sourceTree = "<group>";
		};
		426E7A3A1B1D8D1C00937E70 /* Supporting Files */ = {
			isa = PBXGroup;
			children = (
				426E7A3B1B1D8D1C00937E70 /* Info.plist */,
			);
			name = "Supporting Files";
			sourceTree = "<group>";
		};
/* End PBXGroup section */

/* Begin PBXNativeTarget section */
		426E7A1C1B1D8D1C00937E70 /* AlertControllerRadar */ = {
			isa = PBXNativeTarget;
			buildConfigurationList = 426E7A401B1D8D1C00937E70 /* Build configuration list for PBXNativeTarget "AlertControllerRadar" */;
			buildPhases = (
				426E7A191B1D8D1C00937E70 /* Sources */,
				426E7A1A1B1D8D1C00937E70 /* Frameworks */,
				426E7A1B1B1D8D1C00937E70 /* Resources */,
			);
			buildRules = (
			);
			dependencies = (
			);
			name = AlertControllerRadar;
			productName = AlertControllerRadar;
			productReference = 426E7A1D1B1D8D1C00937E70 /* AlertControllerRadar.app */;
			productType = "com.apple.product-type.application";
		};
		426E7A351B1D8D1C00937E70 /* AlertControllerRadarTests */ = {
			isa = PBXNativeTarget;
			buildConfigurationList = 426E7A431B1D8D1C00937E70 /* Build configuration list for PBXNativeTarget "AlertControllerRadarTests" */;
			buildPhases = (
				426E7A321B1D8D1C00937E70 /* Sources */,
				426E7A331B1D8D1C00937E70 /* Frameworks */,
				426E7A341B1D8D1C00937E70 /* Resources */,
			);
			buildRules = (
			);
			dependencies = (
				426E7A381B1D8D1C00937E70 /* PBXTargetDependency */,
			);
			name = AlertControllerRadarTests;
			productName = AlertControllerRadarTests;
			productReference = 426E7A361B1D8D1C00937E70 /* AlertControllerRadarTests.xctest */;
			productType = "com.apple.product-type.bundle.unit-test";
		};
/* End PBXNativeTarget section */

/* Begin PBXProject section */
		426E7A151B1D8D1C00937E70 /* Project object */ = {
			isa = PBXProject;
			attributes = {
				LastUpgradeCheck = 0630;
				ORGANIZATIONNAME = "Ruud Puts";
				TargetAttributes = {
					426E7A1C1B1D8D1C00937E70 = {
						CreatedOnToolsVersion = 6.3.1;
					};
					426E7A351B1D8D1C00937E70 = {
						CreatedOnToolsVersion = 6.3.1;
						TestTargetID = 426E7A1C1B1D8D1C00937E70;
					};
				};
			};
			buildConfigurationList = 426E7A181B1D8D1C00937E70 /* Build configuration list for PBXProject "AlertControllerRadar" */;
			compatibilityVersion = "Xcode 3.2";
			developmentRegion = English;
			hasScannedForEncodings = 0;
			knownRegions = (
				en,
				Base,
			);
			mainGroup = 426E7A141B1D8D1C00937E70;
			productRefGroup = 426E7A1E1B1D8D1C00937E70 /* Products */;
			projectDirPath = "";
			projectRoot = "";
			targets = (
				426E7A1C1B1D8D1C00937E70 /* AlertControllerRadar */,
				426E7A351B1D8D1C00937E70 /* AlertControllerRadarTests */,
			);
		};
/* End PBXProject section */

/* Begin PBXResourcesBuildPhase section */
		426E7A1B1B1D8D1C00937E70 /* Resources */ = {
			isa = PBXResourcesBuildPhase;
			buildActionMask = 2147483647;
			files = (
				426E7A2C1B1D8D1C00937E70 /* Main.storyboard in Resources */,
				426E7A311B1D8D1C00937E70 /* LaunchScreen.xib in Resources */,
				426E7A2E1B1D8D1C00937E70 /* Images.xcassets in Resources */,
			);
			runOnlyForDeploymentPostprocessing = 0;
		};
		426E7A341B1D8D1C00937E70 /* Resources */ = {
			isa = PBXResourcesBuildPhase;
			buildActionMask = 2147483647;
			files = (
			);
			runOnlyForDeploymentPostprocessing = 0;
		};
/* End PBXResourcesBuildPhase section */

/* Begin PBXSourcesBuildPhase section */
		426E7A191B1D8D1C00937E70 /* Sources */ = {
			isa = PBXSourcesBuildPhase;
			buildActionMask = 2147483647;
			files = (
				426E7A291B1D8D1C00937E70 /* ViewController.m in Sources */,
				426E7A261B1D8D1C00937E70 /* AppDelegate.m in Sources */,
				426E7A231B1D8D1C00937E70 /* main.m in Sources */,
			);
			runOnlyForDeploymentPostprocessing = 0;
		};
		426E7A321B1D8D1C00937E70 /* Sources */ = {
			isa = PBXSourcesBuildPhase;
			buildActionMask = 2147483647;
			files = (
				426E7A3D1B1D8D1C00937E70 /* AlertControllerRadarTests.m in Sources */,
			);
			runOnlyForDeploymentPostprocessing = 0;
		};
/* End PBXSourcesBuildPhase section */

/* Begin PBXTargetDependency section */
		426E7A381B1D8D1C00937E70 /* PBXTargetDependency */ = {
			isa = PBXTargetDependency;
			target = 426E7A1C1B1D8D1C00937E70 /* AlertControllerRadar */;
			targetProxy = 426E7A371B1D8D1C00937E70 /* PBXContainerItemProxy */;
		};
/* End PBXTargetDependency section */

/* Begin PBXVariantGroup section */
		426E7A2A1B1D8D1C00937E70 /* Main.storyboard */ = {
			isa = PBXVariantGroup;
			children = (
				426E7A2B1B1D8D1C00937E70 /* Base */,
			);
			name = Main.storyboard;
			sourceTree = "<group>";
		};
		426E7A2F1B1D8D1C00937E70 /* LaunchScreen.xib */ = {
			isa = PBXVariantGroup;
			children = (
				426E7A301B1D8D1C00937E70 /* Base */,
			);
			name = LaunchScreen.xib;
			sourceTree = "<group>";
		};
/* End PBXVariantGroup section */

/* Begin XCBuildConfiguration section */
		426E7A3E1B1D8D1C00937E70 /* Debug */ = {
			isa = XCBuildConfiguration;
			buildSettings = {
				ALWAYS_SEARCH_USER_PATHS = NO;
				CLANG_CXX_LANGUAGE_STANDARD = "gnu++0x";
				CLANG_CXX_LIBRARY = "libc++";
				CLANG_ENABLE_MODULES = YES;
				CLANG_ENABLE_OBJC_ARC = YES;
				CLANG_WARN_BOOL_CONVERSION = YES;
				CLANG_WARN_CONSTANT_CONVERSION = YES;
				CLANG_WARN_DIRECT_OBJC_ISA_USAGE = YES_ERROR;
				CLANG_WARN_EMPTY_BODY = YES;
				CLANG_WARN_ENUM_CONVERSION = YES;
				CLANG_WARN_INT_CONVERSION = YES;
				CLANG_WARN_OBJC_ROOT_CLASS = YES_ERROR;
				CLANG_WARN_UNREACHABLE_CODE = YES;
				CLANG_WARN__DUPLICATE_METHOD_MATCH = YES;
				"CODE_SIGN_IDENTITY[sdk=iphoneos*]" = "iPhone Developer";
				COPY_PHASE_STRIP = NO;
				DEBUG_INFORMATION_FORMAT = "dwarf-with-dsym";
				ENABLE_STRICT_OBJC_MSGSEND = YES;
				GCC_C_LANGUAGE_STANDARD = gnu99;
				GCC_DYNAMIC_NO_PIC = NO;
				GCC_NO_COMMON_BLOCKS = YES;
				GCC_OPTIMIZATION_LEVEL = 0;
				GCC_PREPROCESSOR_DEFINITIONS = (
					"DEBUG=1",
					"$(inherited)",
				);
				GCC_SYMBOLS_PRIVATE_EXTERN = NO;
				GCC_WARN_64_TO_32_BIT_CONVERSION = YES;
				GCC_WARN_ABOUT_RETURN_TYPE = YES_ERROR;
				GCC_WARN_UNDECLARED_SELECTOR = YES;
				GCC_WARN_UNINITIALIZED_AUTOS = YES_AGGRESSIVE;
				GCC_WARN_UNUSED_FUNCTION = YES;
				GCC_WARN_UNUSED_VARIABLE = YES;
				IPHONEOS_DEPLOYMENT_TARGET = 8.3;
				MTL_ENABLE_DEBUG_INFO = YES;
				ONLY_ACTIVE_ARCH = YES;
				SDKROOT = iphoneos;
				TARGETED_DEVICE_FAMILY = "1,2";
			};
			name = Debug;
		};
		426E7A3F1B1D8D1C00937E70 /* Release */ = {
			isa = XCBuildConfiguration;
			buildSettings = {
				ALWAYS_SEARCH_USER_PATHS = NO;
				CLANG_CXX_LANGUAGE_STANDARD = "gnu++0x";
				CLANG_CXX_LIBRARY = "libc++";
				CLANG_ENABLE_MODULES = YES;
				CLANG_ENABLE_OBJC_ARC = YES;
				CLANG_WARN_BOOL_CONVERSION = YES;
				CLANG_WARN_CONSTANT_CONVERSION = YES;
				CLANG_WARN_DIRECT_OBJC_ISA_USAGE = YES_ERROR;
				CLANG_WARN_EMPTY_BODY = YES;
				CLANG_WARN_ENUM_CONVERSION = YES;
				CLANG_WARN_INT_CONVERSION = YES;
				CLANG_WARN_OBJC_ROOT_CLASS = YES_ERROR;
				CLANG_WARN_UNREACHABLE_CODE = YES;
				CLANG_WARN__DUPLICATE_METHOD_MATCH = YES;
				"CODE_SIGN_IDENTITY[sdk=iphoneos*]" = "iPhone Developer";
				COPY_PHASE_STRIP = NO;
				DEBUG_INFORMATION_FORMAT = "dwarf-with-dsym";
				ENABLE_NS_ASSERTIONS = NO;
				ENABLE_STRICT_OBJC_MSGSEND = YES;
				GCC_C_LANGUAGE_STANDARD = gnu99;
				GCC_NO_COMMON_BLOCKS = YES;
				GCC_WARN_64_TO_32_BIT_CONVERSION = YES;
				GCC_WARN_ABOUT_RETURN_TYPE = YES_ERROR;
				GCC_WARN_UNDECLARED_SELECTOR = YES;
				GCC_WARN_UNINITIALIZED_AUTOS = YES_AGGRESSIVE;
				GCC_WARN_UNUSED_FUNCTION = YES;
				GCC_WARN_UNUSED_VARIABLE = YES;
				IPHONEOS_DEPLOYMENT_TARGET = 8.3;
				MTL_ENABLE_DEBUG_INFO = NO;
				SDKROOT = iphoneos;
				TARGETED_DEVICE_FAMILY = "1,2";
				VALIDATE_PRODUCT = YES;
			};
			name = Release;
		};
		426E7A411B1D8D1C00937E70 /* Debug */ = {
			isa = XCBuildConfiguration;
			buildSettings = {
				ASSETCATALOG_COMPILER_APPICON_NAME = AppIcon;
				INFOPLIST_FILE = AlertControllerRadar/Info.plist;
				LD_RUNPATH_SEARCH_PATHS = "$(inherited) @executable_path/Frameworks";
				PRODUCT_NAME = "$(TARGET_NAME)";
			};
			name = Debug;
		};
		426E7A421B1D8D1C00937E70 /* Release */ = {
			isa = XCBuildConfiguration;
			buildSettings = {
				ASSETCATALOG_COMPILER_APPICON_NAME = AppIcon;
				INFOPLIST_FILE = AlertControllerRadar/Info.plist;
				LD_RUNPATH_SEARCH_PATHS = "$(inherited) @executable_path/Frameworks";
				PRODUCT_NAME = "$(TARGET_NAME)";
			};
			name = Release;
		};
		426E7A441B1D8D1C00937E70 /* Debug */ = {
			isa = XCBuildConfiguration;
			buildSettings = {
				BUNDLE_LOADER = "$(TEST_HOST)";
				FRAMEWORK_SEARCH_PATHS = (
					"$(SDKROOT)/Developer/Library/Frameworks",
					"$(inherited)",
				);
				GCC_PREPROCESSOR_DEFINITIONS = (
					"DEBUG=1",
					"$(inherited)",
				);
				INFOPLIST_FILE = AlertControllerRadarTests/Info.plist;
				LD_RUNPATH_SEARCH_PATHS = "$(inherited) @executable_path/Frameworks @loader_path/Frameworks";
				PRODUCT_NAME = "$(TARGET_NAME)";
				TEST_HOST = "$(BUILT_PRODUCTS_DIR)/AlertControllerRadar.app/AlertControllerRadar";
			};
			name = Debug;
		};
		426E7A451B1D8D1C00937E70 /* Release */ = {
			isa = XCBuildConfiguration;
			buildSettings = {
				BUNDLE_LOADER = "$(TEST_HOST)";
				FRAMEWORK_SEARCH_PATHS = (
					"$(SDKROOT)/Developer/Library/Frameworks",
					"$(inherited)",
				);
				INFOPLIST_FILE = AlertControllerRadarTests/Info.plist;
				LD_RUNPATH_SEARCH_PATHS = "$(inherited) @executable_path/Frameworks @loader_path/Frameworks";
				PRODUCT_NAME = "$(TARGET_NAME)";
				TEST_HOST = "$(BUILT_PRODUCTS_DIR)/AlertControllerRadar.app/AlertControllerRadar";
			};
			name = Release;
		};
/* End XCBuildConfiguration section */

/* Begin XCConfigurationList section */
		426E7A181B1D8D1C00937E70 /* Build configuration list for PBXProject "AlertControllerRadar" */ = {
			isa = XCConfigurationList;
			buildConfigurations = (
				426E7A3E1B1D8D1C00937E70 /* Debug */,
				426E7A3F1B1D8D1C00937E70 /* Release */,
			);
			defaultConfigurationIsVisible = 0;
			defaultConfigurationName = Release;
		};
		426E7A401B1D8D1C00937E70 /* Build configuration list for PBXNativeTarget "AlertControllerRadar" */ = {
			isa = XCConfigurationList;
			buildConfigurations = (
				426E7A411B1D8D1C00937E70 /* Debug */,
				426E7A421B1D8D1C00937E70 /* Release */,
			);
			defaultConfigurationIsVisible = 0;
		};
		426E7A431B1D8D1C00937E70 /* Build configuration list for PBXNativeTarget "AlertControllerRadarTests" */ = {
			isa = XCConfigurationList;
			buildConfigurations = (
				426E7A441B1D8D1C00937E70 /* Debug */,
				426E7A451B1D8D1C00937E70 /* Release */,
			);
			defaultConfigurationIsVisible = 0;
		};
/* End XCConfigurationList section */
	};
	rootObject = 426E7A151B1D8D1C00937E70 /* Project object */;
}
